{
  "name": "nodejspersonalmodules",
  "version": "1.0.0",
  "lockfileVersion": 2,
  "requires": true,
  "packages": {
    "": {
      "name": "nodejspersonalmodules",
      "version": "1.0.0",
      "license": "MIT",
      "dependencies": {
        "clock": "file:lib/clock/clock-0.0.1.tgz",
        "units-convertion": "file:lib/units-convertion/units-convertion-0.0.1.tgz"
      }
    },
    "node_modules/clock": {
      "version": "0.0.1",
      "resolved": "file:lib/clock/clock-0.0.1.tgz",
      "integrity": "sha512-DjInqyM6o01Lt+aTtdAKjq8QWOJFNr4EMdM3wDqhRVrZ9SxVDFYhGFB4bgUTEIVuN0xa3s82HEp3iB6E9sEJsQ=="
    },
    "node_modules/units-convertion": {
      "version": "0.0.1",
      "resolved": "file:lib/units-convertion/units-convertion-0.0.1.tgz",
      "integrity": "sha512-pEhCwq69+uFBtm/8WFc58oIQeKjtt/dKx80ympCo/UaYZHYQILojZJFSjplVgr0q4kpxHiWH3NbBmJTqxqI/lQ=="
    }
  },
  "dependencies": {
    "clock": {
      "version": "file:lib/clock/clock-0.0.1.tgz",
      "integrity": "sha512-DjInqyM6o01Lt+aTtdAKjq8QWOJFNr4EMdM3wDqhRVrZ9SxVDFYhGFB4bgUTEIVuN0xa3s82HEp3iB6E9sEJsQ=="
    },
    "units-convertion": {
      "version": "file:lib/units-convertion/units-convertion-0.0.1.tgz",
      "integrity": "sha512-pEhCwq69+uFBtm/8WFc58oIQeKjtt/dKx80ympCo/UaYZHYQILojZJFSjplVgr0q4kpxHiWH3NbBmJTqxqI/lQ=="
    }
  }
}
